
Microsoft Visual Studio Solution File, Format Version 12.00
# Visual Studio Version 17
VisualStudioVersion = 17.1.32210.238
MinimumVisualStudioVersion = 10.0.40219.1
Project("{888888A0-9F3D-457C-B088-3A5042F75D52}") = "PythonApplicationLabo", "PythonApplicationLabo\PythonApplicationLabo.pyproj", "{0F86B133-27F4-4DA1-8A49-95ED9F103C73}"
EndProject
Global
	GlobalSection(SolutionConfigurationPlatforms) = preSolution
		Debug|Any CPU = Debug|Any CPU
		Release|Any CPU = Release|Any CPU
	EndGlobalSection
	GlobalSection(ProjectConfigurationPlatforms) = postSolution
		{0F86B133-27F4-4DA1-8A49-95ED9F103C73}.Debug|Any CPU.ActiveCfg = Debug|Any CPU
		{0F86B133-27F4-4DA1-8A49-95ED9F103C73}.Release|Any CPU.ActiveCfg = Release|Any CPU
	EndGlobalSection
	GlobalSection(SolutionProperties) = preSolution
		HideSolutionNode = FALSE
	EndGlobalSection
	GlobalSection(ExtensibilityGlobals) = postSolution
		SolutionGuid = {BE2F5E01-278D-40EB-82C4-46F35E846ED2}
	EndGlobalSection
EndGlobal
